
Microsoft Visual Studio Solution File, Format Version 12.00
# Visual Studio 15
VisualStudioVersion = 15.0.28307.1259
MinimumVisualStudioVersion = 10.0.40219.1
Project("{FAE04EC0-301F-11D3-BF4B-00C04F79EFBC}") = "Gecko2TestWin", "Gecko2TestWin\Gecko2TestWin.csproj", "{11539713-8F48-46F4-AD28-53383A2675EC}"
EndProject
Global
	GlobalSection(SolutionConfigurationPlatforms) = preSolution
		Debug|Any CPU = Debug|Any CPU
		Release|Any CPU = Release|Any CPU
	EndGlobalSection
	GlobalSection(ProjectConfigurationPlatforms) = postSolution
		{11539713-8F48-46F4-AD28-53383A2675EC}.Debug|Any CPU.ActiveCfg = Debug|Any CPU
		{11539713-8F48-46F4-AD28-53383A2675EC}.Debug|Any CPU.Build.0 = Debug|Any CPU
		{11539713-8F48-46F4-AD28-53383A2675EC}.Release|Any CPU.ActiveCfg = Release|Any CPU
		{11539713-8F48-46F4-AD28-53383A2675EC}.Release|Any CPU.Build.0 = Release|Any CPU
	EndGlobalSection
	GlobalSection(SolutionProperties) = preSolution
		HideSolutionNode = FALSE
	EndGlobalSection
	GlobalSection(ExtensibilityGlobals) = postSolution
		SolutionGuid = {D84245AB-CFE0-4295-A4EE-7CFDD0A9E1D5}
	EndGlobalSection
EndGlobal
